
Microsoft Visual Studio Solution File, Format Version 12.00
# Visual Studio 15
VisualStudioVersion = 15.0.28307.136
MinimumVisualStudioVersion = 10.0.40219.1
Project("{FAE04EC0-301F-11D3-BF4B-00C04F79EFBC}") = "AkfitTelekomMVCProject", "AkfitTelekomMVCProject\AkfitTelekomMVCProject.csproj", "{BA801B00-F870-4808-82CF-187DE80B3E4C}"
EndProject
Project("{FAE04EC0-301F-11D3-BF4B-00C04F79EFBC}") = "AkfitTelekomMVCProject.Tests", "AkfitTelekomMVCProject.Tests\AkfitTelekomMVCProject.Tests.csproj", "{146AA094-9E18-4E29-A211-8F6D1CD9052C}"
EndProject
Project("{FAE04EC0-301F-11D3-BF4B-00C04F79EFBC}") = "AktifTelekomMVCProject.DAL", "AktifTelekom.DAL\AktifTelekomMVCProject.DAL.csproj", "{1B856BAD-343A-4F0A-AADF-44B94FAFE06B}"
EndProject
Project("{FAE04EC0-301F-11D3-BF4B-00C04F79EFBC}") = "AktifTelekomMVCProject.Business", "AktifTelekomMVCProject.Service\AktifTelekomMVCProject.Business.csproj", "{860BD9B4-A3CF-4FF2-8DCD-A0FC3D889EB2}"
EndProject
Project("{FAE04EC0-301F-11D3-BF4B-00C04F79EFBC}") = "AktifTelekomMVCProject.Domain", "AktifTelekomMVCProject.Domain\AktifTelekomMVCProject.Domain.csproj", "{41DEED01-9FAB-4169-AFC5-D9F498F3C824}"
EndProject
Project("{FAE04EC0-301F-11D3-BF4B-00C04F79EFBC}") = "AktifTelekomMVCProject.Core", "AktifTelekomMVCProject.Core\AktifTelekomMVCProject.Core.csproj", "{B2CE2112-6161-4AE5-91B3-B1A8407AD000}"
EndProject
Global
	GlobalSection(SolutionConfigurationPlatforms) = preSolution
		Debug|Any CPU = Debug|Any CPU
		Release|Any CPU = Release|Any CPU
	EndGlobalSection
	GlobalSection(ProjectConfigurationPlatforms) = postSolution
		{BA801B00-F870-4808-82CF-187DE80B3E4C}.Debug|Any CPU.ActiveCfg = Debug|Any CPU
		{BA801B00-F870-4808-82CF-187DE80B3E4C}.Debug|Any CPU.Build.0 = Debug|Any CPU
		{BA801B00-F870-4808-82CF-187DE80B3E4C}.Release|Any CPU.ActiveCfg = Release|Any CPU
		{BA801B00-F870-4808-82CF-187DE80B3E4C}.Release|Any CPU.Build.0 = Release|Any CPU
		{146AA094-9E18-4E29-A211-8F6D1CD9052C}.Debug|Any CPU.ActiveCfg = Debug|Any CPU
		{146AA094-9E18-4E29-A211-8F6D1CD9052C}.Debug|Any CPU.Build.0 = Debug|Any CPU
		{146AA094-9E18-4E29-A211-8F6D1CD9052C}.Release|Any CPU.ActiveCfg = Release|Any CPU
		{146AA094-9E18-4E29-A211-8F6D1CD9052C}.Release|Any CPU.Build.0 = Release|Any CPU
		{1B856BAD-343A-4F0A-AADF-44B94FAFE06B}.Debug|Any CPU.ActiveCfg = Debug|Any CPU
		{1B856BAD-343A-4F0A-AADF-44B94FAFE06B}.Debug|Any CPU.Build.0 = Debug|Any CPU
		{1B856BAD-343A-4F0A-AADF-44B94FAFE06B}.Release|Any CPU.ActiveCfg = Release|Any CPU
		{1B856BAD-343A-4F0A-AADF-44B94FAFE06B}.Release|Any CPU.Build.0 = Release|Any CPU
		{860BD9B4-A3CF-4FF2-8DCD-A0FC3D889EB2}.Debug|Any CPU.ActiveCfg = Debug|Any CPU
		{860BD9B4-A3CF-4FF2-8DCD-A0FC3D889EB2}.Debug|Any CPU.Build.0 = Debug|Any CPU
		{860BD9B4-A3CF-4FF2-8DCD-A0FC3D889EB2}.Release|Any CPU.ActiveCfg = Release|Any CPU
		{860BD9B4-A3CF-4FF2-8DCD-A0FC3D889EB2}.Release|Any CPU.Build.0 = Release|Any CPU
		{41DEED01-9FAB-4169-AFC5-D9F498F3C824}.Debug|Any CPU.ActiveCfg = Debug|Any CPU
		{41DEED01-9FAB-4169-AFC5-D9F498F3C824}.Debug|Any CPU.Build.0 = Debug|Any CPU
		{41DEED01-9FAB-4169-AFC5-D9F498F3C824}.Release|Any CPU.ActiveCfg = Release|Any CPU
		{41DEED01-9FAB-4169-AFC5-D9F498F3C824}.Release|Any CPU.Build.0 = Release|Any CPU
		{B2CE2112-6161-4AE5-91B3-B1A8407AD000}.Debug|Any CPU.ActiveCfg = Debug|Any CPU
		{B2CE2112-6161-4AE5-91B3-B1A8407AD000}.Debug|Any CPU.Build.0 = Debug|Any CPU
		{B2CE2112-6161-4AE5-91B3-B1A8407AD000}.Release|Any CPU.ActiveCfg = Release|Any CPU
		{B2CE2112-6161-4AE5-91B3-B1A8407AD000}.Release|Any CPU.Build.0 = Release|Any CPU
	EndGlobalSection
	GlobalSection(SolutionProperties) = preSolution
		HideSolutionNode = FALSE
	EndGlobalSection
	GlobalSection(ExtensibilityGlobals) = postSolution
		SolutionGuid = {3371483E-2D05-456A-9479-0D9DCAE2C2A7}
	EndGlobalSection
EndGlobal
